// !$*UTF8*$!
{
	archiveVersion = 1;
	classes = {
	};
	objectVersion = 46;
	objects = {

/* Begin PBXBuildFile section */
		1537F7CA05E987BEA36818CF /* Pods_MedicalExam.framework in Frameworks */ = {isa = PBXBuildFile; fileRef = 0E872B2C99B3742F7399C88F /* Pods_MedicalExam.framework */; };
		413307321FEBED0800C2BD45 /* AppDelegate.swift in Sources */ = {isa = PBXBuildFile; fileRef = 413307311FEBED0800C2BD45 /* AppDelegate.swift */; };
		4133073B1FEBED0800C2BD45 /* Assets.xcassets in Resources */ = {isa = PBXBuildFile; fileRef = 4133073A1FEBED0800C2BD45 /* Assets.xcassets */; };
		4133073E1FEBED0800C2BD45 /* LaunchScreen.storyboard in Resources */ = {isa = PBXBuildFile; fileRef = 4133073C1FEBED0800C2BD45 /* LaunchScreen.storyboard */; };
		41B825DB1FF79A6E004DFDA3 /* UILogin.storyboard in Resources */ = {isa = PBXBuildFile; fileRef = 41B825DA1FF79A6E004DFDA3 /* UILogin.storyboard */; };
		41B825DD1FF7BEA3004DFDA3 /* LoginController.swift in Sources */ = {isa = PBXBuildFile; fileRef = 41B825DC1FF7BEA3004DFDA3 /* LoginController.swift */; };
		41B825E11FFA25FF004DFDA3 /* RegisterController.swift in Sources */ = {isa = PBXBuildFile; fileRef = 41B825E01FFA25FE004DFDA3 /* RegisterController.swift */; };
		41D51C681FEF45F300DF78ED /* MainViewController.swift in Sources */ = {isa = PBXBuildFile; fileRef = 41D51C671FEF45F300DF78ED /* MainViewController.swift */; };
		41D51C6A1FEF480A00DF78ED /* QuestionBankViewController.swift in Sources */ = {isa = PBXBuildFile; fileRef = 41D51C691FEF480A00DF78ED /* QuestionBankViewController.swift */; };
		41D51C6C1FEF493700DF78ED /* MyViewController.swift in Sources */ = {isa = PBXBuildFile; fileRef = 41D51C6B1FEF493700DF78ED /* MyViewController.swift */; };
		41D51C6E1FEF495800DF78ED /* VideoViewController.swift in Sources */ = {isa = PBXBuildFile; fileRef = 41D51C6D1FEF495800DF78ED /* VideoViewController.swift */; };
		41D51C751FEFC8CD00DF78ED /* SectionModel.swift in Sources */ = {isa = PBXBuildFile; fileRef = 41D51C741FEFC8CD00DF78ED /* SectionModel.swift */; };
		41D51C771FEFC94D00DF78ED /* CellModel.swift in Sources */ = {isa = PBXBuildFile; fileRef = 41D51C761FEFC94D00DF78ED /* CellModel.swift */; };
		41D51C7A1FEFD3FE00DF78ED /* HeaderView.swift in Sources */ = {isa = PBXBuildFile; fileRef = 41D51C791FEFD3FE00DF78ED /* HeaderView.swift */; };
		41D51C7C1FEFDC4300DF78ED /* TableViewCell.swift in Sources */ = {isa = PBXBuildFile; fileRef = 41D51C7B1FEFDC4300DF78ED /* TableViewCell.swift */; };
		41EEA0C720007ABE006DB553 /* UserInfo.swift in Sources */ = {isa = PBXBuildFile; fileRef = 41EEA0C620007ABE006DB553 /* UserInfo.swift */; };
		41EEA0CA20007EDC006DB553 /* RealmUtil.swift in Sources */ = {isa = PBXBuildFile; fileRef = 41EEA0C920007EDC006DB553 /* RealmUtil.swift */; };
		41EEA0CD2000B005006DB553 /* HttpUtil.swift in Sources */ = {isa = PBXBuildFile; fileRef = 41EEA0CC2000B005006DB553 /* HttpUtil.swift */; };
		41EEA0D12000B8C6006DB553 /* BaseModel.swift in Sources */ = {isa = PBXBuildFile; fileRef = 41EEA0D02000B8C6006DB553 /* BaseModel.swift */; };
		41EEA0D32000D9AC006DB553 /* SelectCategoryController.swift in Sources */ = {isa = PBXBuildFile; fileRef = 41EEA0D22000D9AC006DB553 /* SelectCategoryController.swift */; };
		41EEA0E02000E5BA006DB553 /* NaviTopView.xib in Resources */ = {isa = PBXBuildFile; fileRef = 41EEA0DF2000E5BA006DB553 /* NaviTopView.xib */; };
		41EEA0E22000EA4D006DB553 /* NaviTopView.swift in Sources */ = {isa = PBXBuildFile; fileRef = 41EEA0E12000EA4D006DB553 /* NaviTopView.swift */; };
/* End PBXBuildFile section */

/* Begin PBXFileReference section */
		0CE52AF65BFC93A4E86B2E94 /* Pods-MedicalExam.release.xcconfig */ = {isa = PBXFileReference; includeInIndex = 1; lastKnownFileType = text.xcconfig; name = "Pods-MedicalExam.release.xcconfig"; path = "Pods/Target Support Files/Pods-MedicalExam/Pods-MedicalExam.release.xcconfig"; sourceTree = "<group>"; };
		0E872B2C99B3742F7399C88F /* Pods_MedicalExam.framework */ = {isa = PBXFileReference; explicitFileType = wrapper.framework; includeInIndex = 0; path = Pods_MedicalExam.framework; sourceTree = BUILT_PRODUCTS_DIR; };
		4133072E1FEBED0800C2BD45 /* MedicalExam.app */ = {isa = PBXFileReference; explicitFileType = wrapper.application; includeInIndex = 0; path = MedicalExam.app; sourceTree = BUILT_PRODUCTS_DIR; };
		413307311FEBED0800C2BD45 /* AppDelegate.swift */ = {isa = PBXFileReference; lastKnownFileType = sourcecode.swift; path = AppDelegate.swift; sourceTree = "<group>"; };
		4133073A1FEBED0800C2BD45 /* Assets.xcassets */ = {isa = PBXFileReference; lastKnownFileType = folder.assetcatalog; path = Assets.xcassets; sourceTree = "<group>"; };
		4133073D1FEBED0800C2BD45 /* Base */ = {isa = PBXFileReference; lastKnownFileType = file.storyboard; name = Base; path = Base.lproj/LaunchScreen.storyboard; sourceTree = "<group>"; };
		4133073F1FEBED0800C2BD45 /* Info.plist */ = {isa = PBXFileReference; lastKnownFileType = text.plist.xml; path = Info.plist; sourceTree = "<group>"; };
		41B825DA1FF79A6E004DFDA3 /* UILogin.storyboard */ = {isa = PBXFileReference; lastKnownFileType = file.storyboard; path = UILogin.storyboard; sourceTree = "<group>"; };
		41B825DC1FF7BEA3004DFDA3 /* LoginController.swift */ = {isa = PBXFileReference; lastKnownFileType = sourcecode.swift; path = LoginController.swift; sourceTree = "<group>"; };
		41B825E01FFA25FE004DFDA3 /* RegisterController.swift */ = {isa = PBXFileReference; fileEncoding = 4; lastKnownFileType = sourcecode.swift; name = RegisterController.swift; path = MedicalExam/Login/Controller/RegisterController.swift; sourceTree = SOURCE_ROOT; };
		41D51C671FEF45F300DF78ED /* MainViewController.swift */ = {isa = PBXFileReference; lastKnownFileType = sourcecode.swift; path = MainViewController.swift; sourceTree = "<group>"; };
		41D51C691FEF480A00DF78ED /* QuestionBankViewController.swift */ = {isa = PBXFileReference; lastKnownFileType = sourcecode.swift; path = QuestionBankViewController.swift; sourceTree = "<group>"; };
		41D51C6B1FEF493700DF78ED /* MyViewController.swift */ = {isa = PBXFileReference; lastKnownFileType = sourcecode.swift; path = MyViewController.swift; sourceTree = "<group>"; };
		41D51C6D1FEF495800DF78ED /* VideoViewController.swift */ = {isa = PBXFileReference; lastKnownFileType = sourcecode.swift; path = VideoViewController.swift; sourceTree = "<group>"; };
		41D51C741FEFC8CD00DF78ED /* SectionModel.swift */ = {isa = PBXFileReference; lastKnownFileType = sourcecode.swift; path = SectionModel.swift; sourceTree = "<group>"; };
		41D51C761FEFC94D00DF78ED /* CellModel.swift */ = {isa = PBXFileReference; lastKnownFileType = sourcecode.swift; path = CellModel.swift; sourceTree = "<group>"; };
		41D51C791FEFD3FE00DF78ED /* HeaderView.swift */ = {isa = PBXFileReference; lastKnownFileType = sourcecode.swift; path = HeaderView.swift; sourceTree = "<group>"; };
		41D51C7B1FEFDC4300DF78ED /* TableViewCell.swift */ = {isa = PBXFileReference; lastKnownFileType = sourcecode.swift; path = TableViewCell.swift; sourceTree = "<group>"; };
		41EEA0C620007ABE006DB553 /* UserInfo.swift */ = {isa = PBXFileReference; lastKnownFileType = sourcecode.swift; path = UserInfo.swift; sourceTree = "<group>"; };
		41EEA0C920007EDC006DB553 /* RealmUtil.swift */ = {isa = PBXFileReference; lastKnownFileType = sourcecode.swift; path = RealmUtil.swift; sourceTree = "<group>"; };
		41EEA0CC2000B005006DB553 /* HttpUtil.swift */ = {isa = PBXFileReference; lastKnownFileType = sourcecode.swift; path = HttpUtil.swift; sourceTree = "<group>"; };
		41EEA0D02000B8C6006DB553 /* BaseModel.swift */ = {isa = PBXFileReference; lastKnownFileType = sourcecode.swift; path = BaseModel.swift; sourceTree = "<group>"; };
		41EEA0D22000D9AC006DB553 /* SelectCategoryController.swift */ = {isa = PBXFileReference; lastKnownFileType = sourcecode.swift; path = SelectCategoryController.swift; sourceTree = "<group>"; };
		41EEA0DF2000E5BA006DB553 /* NaviTopView.xib */ = {isa = PBXFileReference; lastKnownFileType = file.xib; path = NaviTopView.xib; sourceTree = "<group>"; };
		41EEA0E12000EA4D006DB553 /* NaviTopView.swift */ = {isa = PBXFileReference; fileEncoding = 4; lastKnownFileType = sourcecode.swift; path = NaviTopView.swift; sourceTree = "<group>"; };
		C1635153DACAFDCD2BEC932D /* Pods-MedicalExam.debug.xcconfig */ = {isa = PBXFileReference; includeInIndex = 1; lastKnownFileType = text.xcconfig; name = "Pods-MedicalExam.debug.xcconfig"; path = "Pods/Target Support Files/Pods-MedicalExam/Pods-MedicalExam.debug.xcconfig"; sourceTree = "<group>"; };
/* End PBXFileReference section */

/* Begin PBXFrameworksBuildPhase section */
		4133072B1FEBED0800C2BD45 /* Frameworks */ = {
			isa = PBXFrameworksBuildPhase;
			buildActionMask = 2147483647;
			files = (
				1537F7CA05E987BEA36818CF /* Pods_MedicalExam.framework in Frameworks */,
			);
			runOnlyForDeploymentPostprocessing = 0;
		};
/* End PBXFrameworksBuildPhase section */

/* Begin PBXGroup section */
		0443A657E04107E797CD97DE /* Frameworks */ = {
			isa = PBXGroup;
			children = (
				0E872B2C99B3742F7399C88F /* Pods_MedicalExam.framework */,
			);
			name = Frameworks;
			sourceTree = "<group>";
		};
		413307251FEBED0800C2BD45 = {
			isa = PBXGroup;
			children = (
				413307301FEBED0800C2BD45 /* MedicalExam */,
				4133072F1FEBED0800C2BD45 /* Products */,
				6BEB30CA255B9D8B83B2BB62 /* Pods */,
				0443A657E04107E797CD97DE /* Frameworks */,
			);
			sourceTree = "<group>";
		};
		4133072F1FEBED0800C2BD45 /* Products */ = {
			isa = PBXGroup;
			children = (
				4133072E1FEBED0800C2BD45 /* MedicalExam.app */,
			);
			name = Products;
			sourceTree = "<group>";
		};
		413307301FEBED0800C2BD45 /* MedicalExam */ = {
			isa = PBXGroup;
			children = (
				41EEA0D62000E029006DB553 /* CustomView */,
				41EEA0CF2000B8A6006DB553 /* Model */,
				41EEA0CB2000AFDD006DB553 /* Http */,
				41EEA0C820007EBA006DB553 /* Realm */,
				41B825D61FF74432004DFDA3 /* Login */,
				41D51C781FEFD3DB00DF78ED /* View */,
				41D51C731FEFC88B00DF78ED /* Model */,
				41D51C641FEF452C00DF78ED /* Controller */,
				413307311FEBED0800C2BD45 /* AppDelegate.swift */,
				4133073A1FEBED0800C2BD45 /* Assets.xcassets */,
				4133073C1FEBED0800C2BD45 /* LaunchScreen.storyboard */,
				4133073F1FEBED0800C2BD45 /* Info.plist */,
			);
			path = MedicalExam;
			sourceTree = "<group>";
		};
		41B825D61FF74432004DFDA3 /* Login */ = {
			isa = PBXGroup;
			children = (
				41B825D91FF74457004DFDA3 /* Controller */,
				41B825D81FF74450004DFDA3 /* Model */,
				41B825D71FF7444B004DFDA3 /* View */,
			);
			path = Login;
			sourceTree = "<group>";
		};
		41B825D71FF7444B004DFDA3 /* View */ = {
			isa = PBXGroup;
			children = (
				41B825DA1FF79A6E004DFDA3 /* UILogin.storyboard */,
			);
			path = View;
			sourceTree = "<group>";
		};
		41B825D81FF74450004DFDA3 /* Model */ = {
			isa = PBXGroup;
			children = (
				41EEA0C620007ABE006DB553 /* UserInfo.swift */,
			);
			path = Model;
			sourceTree = "<group>";
		};
		41B825D91FF74457004DFDA3 /* Controller */ = {
			isa = PBXGroup;
			children = (
				41B825E01FFA25FE004DFDA3 /* RegisterController.swift */,
				41B825DC1FF7BEA3004DFDA3 /* LoginController.swift */,
				41EEA0D22000D9AC006DB553 /* SelectCategoryController.swift */,
			);
			path = Controller;
			sourceTree = "<group>";
		};
		41D51C641FEF452C00DF78ED /* Controller */ = {
			isa = PBXGroup;
			children = (
				41D51C671FEF45F300DF78ED /* MainViewController.swift */,
				41D51C691FEF480A00DF78ED /* QuestionBankViewController.swift */,
				41D51C6B1FEF493700DF78ED /* MyViewController.swift */,
				41D51C6D1FEF495800DF78ED /* VideoViewController.swift */,
			);
			path = Controller;
			sourceTree = "<group>";
		};
		41D51C731FEFC88B00DF78ED /* Model */ = {
			isa = PBXGroup;
			children = (
				41D51C741FEFC8CD00DF78ED /* SectionModel.swift */,
				41D51C761FEFC94D00DF78ED /* CellModel.swift */,
			);
			path = Model;
			sourceTree = "<group>";
		};
		41D51C781FEFD3DB00DF78ED /* View */ = {
			isa = PBXGroup;
			children = (
				41D51C791FEFD3FE00DF78ED /* HeaderView.swift */,
				41D51C7B1FEFDC4300DF78ED /* TableViewCell.swift */,
			);
			path = View;
			sourceTree = "<group>";
		};
		41EEA0C820007EBA006DB553 /* Realm */ = {
			isa = PBXGroup;
			children = (
				41EEA0C920007EDC006DB553 /* RealmUtil.swift */,
			);
			path = Realm;
			sourceTree = "<group>";
		};
		41EEA0CB2000AFDD006DB553 /* Http */ = {
			isa = PBXGroup;
			children = (
				41EEA0CC2000B005006DB553 /* HttpUtil.swift */,
			);
			path = Http;
			sourceTree = "<group>";
		};
		41EEA0CF2000B8A6006DB553 /* Model */ = {
			isa = PBXGroup;
			children = (
				41EEA0D02000B8C6006DB553 /* BaseModel.swift */,
			);
			name = Model;
			path = "New Group";
			sourceTree = "<group>";
		};
		41EEA0D62000E029006DB553 /* CustomView */ = {
			isa = PBXGroup;
			children = (
				41EEA0E12000EA4D006DB553 /* NaviTopView.swift */,
				41EEA0DF2000E5BA006DB553 /* NaviTopView.xib */,
			);
			path = CustomView;
			sourceTree = "<group>";
		};
		6BEB30CA255B9D8B83B2BB62 /* Pods */ = {
			isa = PBXGroup;
			children = (
				C1635153DACAFDCD2BEC932D /* Pods-MedicalExam.debug.xcconfig */,
				0CE52AF65BFC93A4E86B2E94 /* Pods-MedicalExam.release.xcconfig */,
			);
			name = Pods;
			sourceTree = "<group>";
		};
/* End PBXGroup section */

/* Begin PBXNativeTarget section */
		4133072D1FEBED0800C2BD45 /* MedicalExam */ = {
			isa = PBXNativeTarget;
			buildConfigurationList = 413307421FEBED0800C2BD45 /* Build configuration list for PBXNativeTarget "MedicalExam" */;
			buildPhases = (
				65593FE871E89F92B7D8658D /* [CP] Check Pods Manifest.lock */,
				4133072A1FEBED0800C2BD45 /* Sources */,
				4133072B1FEBED0800C2BD45 /* Frameworks */,
				4133072C1FEBED0800C2BD45 /* Resources */,
				E20A4AF5D6AC52BADD29AB7D /* [CP] Embed Pods Frameworks */,
				F134F1FF85B9EB6843AF1F0E /* [CP] Copy Pods Resources */,
			);
			buildRules = (
			);
			dependencies = (
			);
			name = MedicalExam;
			productName = MedicalExam;
			productReference = 4133072E1FEBED0800C2BD45 /* MedicalExam.app */;
			productType = "com.apple.product-type.application";
		};
/* End PBXNativeTarget section */

/* Begin PBXProject section */
		413307261FEBED0800C2BD45 /* Project object */ = {
			isa = PBXProject;
			attributes = {
				LastSwiftUpdateCheck = 0830;
				LastUpgradeCheck = 0920;
				ORGANIZATIONNAME = SmartWall;
				TargetAttributes = {
					4133072D1FEBED0800C2BD45 = {
						CreatedOnToolsVersion = 8.3.3;
						DevelopmentTeam = C86H234989;
						LastSwiftMigration = 0920;
						ProvisioningStyle = Automatic;
					};
				};
			};
			buildConfigurationList = 413307291FEBED0800C2BD45 /* Build configuration list for PBXProject "MedicalExam" */;
			compatibilityVersion = "Xcode 3.2";
			developmentRegion = English;
			hasScannedForEncodings = 0;
			knownRegions = (
				en,
				Base,
			);
			mainGroup = 413307251FEBED0800C2BD45;
			productRefGroup = 4133072F1FEBED0800C2BD45 /* Products */;
			projectDirPath = "";
			projectRoot = "";
			targets = (
				4133072D1FEBED0800C2BD45 /* MedicalExam */,
			);
		};
/* End PBXProject section */

/* Begin PBXResourcesBuildPhase section */
		4133072C1FEBED0800C2BD45 /* Resources */ = {
			isa = PBXResourcesBuildPhase;
			buildActionMask = 2147483647;
			files = (
				41EEA0E02000E5BA006DB553 /* NaviTopView.xib in Resources */,
				4133073E1FEBED0800C2BD45 /* LaunchScreen.storyboard in Resources */,
				41B825DB1FF79A6E004DFDA3 /* UILogin.storyboard in Resources */,
				4133073B1FEBED0800C2BD45 /* Assets.xcassets in Resources */,
			);
			runOnlyForDeploymentPostprocessing = 0;
		};
/* End PBXResourcesBuildPhase section */

/* Begin PBXShellScriptBuildPhase section */
		65593FE871E89F92B7D8658D /* [CP] Check Pods Manifest.lock */ = {
			isa = PBXShellScriptBuildPhase;
			buildActionMask = 2147483647;
			files = (
			);
			inputPaths = (
			);
			name = "[CP] Check Pods Manifest.lock";
			outputPaths = (
			);
			runOnlyForDeploymentPostprocessing = 0;
			shellPath = /bin/sh;
			shellScript = "diff \"${PODS_PODFILE_DIR_PATH}/Podfile.lock\" \"${PODS_ROOT}/Manifest.lock\" > /dev/null\nif [ $? != 0 ] ; then\n    # print error to STDERR\n    echo \"error: The sandbox is not in sync with the Podfile.lock. Run 'pod install' or update your CocoaPods installation.\" >&2\n    exit 1\nfi\n";
			showEnvVarsInLog = 0;
		};
		E20A4AF5D6AC52BADD29AB7D /* [CP] Embed Pods Frameworks */ = {
			isa = PBXShellScriptBuildPhase;
			buildActionMask = 2147483647;
			files = (
			);
			inputPaths = (
			);
			name = "[CP] Embed Pods Frameworks";
			outputPaths = (
			);
			runOnlyForDeploymentPostprocessing = 0;
			shellPath = /bin/sh;
			shellScript = "\"${SRCROOT}/Pods/Target Support Files/Pods-MedicalExam/Pods-MedicalExam-frameworks.sh\"\n";
			showEnvVarsInLog = 0;
		};
		F134F1FF85B9EB6843AF1F0E /* [CP] Copy Pods Resources */ = {
			isa = PBXShellScriptBuildPhase;
			buildActionMask = 2147483647;
			files = (
			);
			inputPaths = (
			);
			name = "[CP] Copy Pods Resources";
			outputPaths = (
			);
			runOnlyForDeploymentPostprocessing = 0;
			shellPath = /bin/sh;
			shellScript = "\"${SRCROOT}/Pods/Target Support Files/Pods-MedicalExam/Pods-MedicalExam-resources.sh\"\n";
			showEnvVarsInLog = 0;
		};
/* End PBXShellScriptBuildPhase section */

/* Begin PBXSourcesBuildPhase section */
		4133072A1FEBED0800C2BD45 /* Sources */ = {
			isa = PBXSourcesBuildPhase;
			buildActionMask = 2147483647;
			files = (
				41D51C681FEF45F300DF78ED /* MainViewController.swift in Sources */,
				413307321FEBED0800C2BD45 /* AppDelegate.swift in Sources */,
				41B825E11FFA25FF004DFDA3 /* RegisterController.swift in Sources */,
				41EEA0CD2000B005006DB553 /* HttpUtil.swift in Sources */,
				41D51C6C1FEF493700DF78ED /* MyViewController.swift in Sources */,
				41EEA0C720007ABE006DB553 /* UserInfo.swift in Sources */,
				41D51C7C1FEFDC4300DF78ED /* TableViewCell.swift in Sources */,
				41D51C6E1FEF495800DF78ED /* VideoViewController.swift in Sources */,
				41B825DD1FF7BEA3004DFDA3 /* LoginController.swift in Sources */,
				41EEA0D12000B8C6006DB553 /* BaseModel.swift in Sources */,
				41EEA0CA20007EDC006DB553 /* RealmUtil.swift in Sources */,
				41EEA0D32000D9AC006DB553 /* SelectCategoryController.swift in Sources */,
				41D51C771FEFC94D00DF78ED /* CellModel.swift in Sources */,
				41D51C6A1FEF480A00DF78ED /* QuestionBankViewController.swift in Sources */,
				41D51C751FEFC8CD00DF78ED /* SectionModel.swift in Sources */,
				41EEA0E22000EA4D006DB553 /* NaviTopView.swift in Sources */,
				41D51C7A1FEFD3FE00DF78ED /* HeaderView.swift in Sources */,
			);
			runOnlyForDeploymentPostprocessing = 0;
		};
/* End PBXSourcesBuildPhase section */

/* Begin PBXVariantGroup section */
		4133073C1FEBED0800C2BD45 /* LaunchScreen.storyboard */ = {
			isa = PBXVariantGroup;
			children = (
				4133073D1FEBED0800C2BD45 /* Base */,
			);
			name = LaunchScreen.storyboard;
			sourceTree = "<group>";
		};
/* End PBXVariantGroup section */

/* Begin XCBuildConfiguration section */
		413307401FEBED0800C2BD45 /* Debug */ = {
			isa = XCBuildConfiguration;
			buildSettings = {
				ALWAYS_SEARCH_USER_PATHS = NO;
				CLANG_ANALYZER_NONNULL = YES;
				CLANG_ANALYZER_NUMBER_OBJECT_CONVERSION = YES_AGGRESSIVE;
				CLANG_CXX_LANGUAGE_STANDARD = "gnu++0x";
				CLANG_CXX_LIBRARY = "libc++";
				CLANG_ENABLE_MODULES = YES;
				CLANG_ENABLE_OBJC_ARC = YES;
				CLANG_WARN_BLOCK_CAPTURE_AUTORELEASING = YES;
				CLANG_WARN_BOOL_CONVERSION = YES;
				CLANG_WARN_COMMA = YES;
				CLANG_WARN_CONSTANT_CONVERSION = YES;
				CLANG_WARN_DIRECT_OBJC_ISA_USAGE = YES_ERROR;
				CLANG_WARN_DOCUMENTATION_COMMENTS = YES;
				CLANG_WARN_EMPTY_BODY = YES;
				CLANG_WARN_ENUM_CONVERSION = YES;
				CLANG_WARN_INFINITE_RECURSION = YES;
				CLANG_WARN_INT_CONVERSION = YES;
				CLANG_WARN_NON_LITERAL_NULL_CONVERSION = YES;
				CLANG_WARN_OBJC_LITERAL_CONVERSION = YES;
				CLANG_WARN_OBJC_ROOT_CLASS = YES_ERROR;
				CLANG_WARN_RANGE_LOOP_ANALYSIS = YES;
				CLANG_WARN_STRICT_PROTOTYPES = YES;
				CLANG_WARN_SUSPICIOUS_MOVE = YES;
				CLANG_WARN_UNREACHABLE_CODE = YES;
				CLANG_WARN__DUPLICATE_METHOD_MATCH = YES;
				"CODE_SIGN_IDENTITY[sdk=iphoneos*]" = "iPhone Developer";
				COPY_PHASE_STRIP = NO;
				DEBUG_INFORMATION_FORMAT = dwarf;
				ENABLE_STRICT_OBJC_MSGSEND = YES;
				ENABLE_TESTABILITY = YES;
				GCC_C_LANGUAGE_STANDARD = gnu99;
				GCC_DYNAMIC_NO_PIC = NO;
				GCC_NO_COMMON_BLOCKS = YES;
				GCC_OPTIMIZATION_LEVEL = 0;
				GCC_PREPROCESSOR_DEFINITIONS = (
					"DEBUG=1",
					"$(inherited)",
				);
				GCC_WARN_64_TO_32_BIT_CONVERSION = YES;
				GCC_WARN_ABOUT_RETURN_TYPE = YES_ERROR;
				GCC_WARN_UNDECLARED_SELECTOR = YES;
				GCC_WARN_UNINITIALIZED_AUTOS = YES_AGGRESSIVE;
				GCC_WARN_UNUSED_FUNCTION = YES;
				GCC_WARN_UNUSED_VARIABLE = YES;
				IPHONEOS_DEPLOYMENT_TARGET = 10.3;
				MTL_ENABLE_DEBUG_INFO = YES;
				ONLY_ACTIVE_ARCH = YES;
				SDKROOT = iphoneos;
				SWIFT_ACTIVE_COMPILATION_CONDITIONS = DEBUG;
				SWIFT_OPTIMIZATION_LEVEL = "-Onone";
			};
			name = Debug;
		};
		413307411FEBED0800C2BD45 /* Release */ = {
			isa = XCBuildConfiguration;
			buildSettings = {
				ALWAYS_SEARCH_USER_PATHS = NO;
				CLANG_ANALYZER_NONNULL = YES;
				CLANG_ANALYZER_NUMBER_OBJECT_CONVERSION = YES_AGGRESSIVE;
				CLANG_CXX_LANGUAGE_STANDARD = "gnu++0x";
				CLANG_CXX_LIBRARY = "libc++";
				CLANG_ENABLE_MODULES = YES;
				CLANG_ENABLE_OBJC_ARC = YES;
				CLANG_WARN_BLOCK_CAPTURE_AUTORELEASING = YES;
				CLANG_WARN_BOOL_CONVERSION = YES;
				CLANG_WARN_COMMA = YES;
				CLANG_WARN_CONSTANT_CONVERSION = YES;
				CLANG_WARN_DIRECT_OBJC_ISA_USAGE = YES_ERROR;
				CLANG_WARN_DOCUMENTATION_COMMENTS = YES;
				CLANG_WARN_EMPTY_BODY = YES;
				CLANG_WARN_ENUM_CONVERSION = YES;
				CLANG_WARN_INFINITE_RECURSION = YES;
				CLANG_WARN_INT_CONVERSION = YES;
				CLANG_WARN_NON_LITERAL_NULL_CONVERSION = YES;
				CLANG_WARN_OBJC_LITERAL_CONVERSION = YES;
				CLANG_WARN_OBJC_ROOT_CLASS = YES_ERROR;
				CLANG_WARN_RANGE_LOOP_ANALYSIS = YES;
				CLANG_WARN_STRICT_PROTOTYPES = YES;
				CLANG_WARN_SUSPICIOUS_MOVE = YES;
				CLANG_WARN_UNREACHABLE_CODE = YES;
				CLANG_WARN__DUPLICATE_METHOD_MATCH = YES;
				"CODE_SIGN_IDENTITY[sdk=iphoneos*]" = "iPhone Developer";
				COPY_PHASE_STRIP = NO;
				DEBUG_INFORMATION_FORMAT = "dwarf-with-dsym";
				ENABLE_NS_ASSERTIONS = NO;
				ENABLE_STRICT_OBJC_MSGSEND = YES;
				GCC_C_LANGUAGE_STANDARD = gnu99;
				GCC_NO_COMMON_BLOCKS = YES;
				GCC_WARN_64_TO_32_BIT_CONVERSION = YES;
				GCC_WARN_ABOUT_RETURN_TYPE = YES_ERROR;
				GCC_WARN_UNDECLARED_SELECTOR = YES;
				GCC_WARN_UNINITIALIZED_AUTOS = YES_AGGRESSIVE;
				GCC_WARN_UNUSED_FUNCTION = YES;
				GCC_WARN_UNUSED_VARIABLE = YES;
				IPHONEOS_DEPLOYMENT_TARGET = 10.3;
				MTL_ENABLE_DEBUG_INFO = NO;
				SDKROOT = iphoneos;
				SWIFT_OPTIMIZATION_LEVEL = "-Owholemodule";
				VALIDATE_PRODUCT = YES;
			};
			name = Release;
		};
		413307431FEBED0800C2BD45 /* Debug */ = {
			isa = XCBuildConfiguration;
			baseConfigurationReference = C1635153DACAFDCD2BEC932D /* Pods-MedicalExam.debug.xcconfig */;
			buildSettings = {
				ASSETCATALOG_COMPILER_APPICON_NAME = AppIcon;
				DEVELOPMENT_TEAM = C86H234989;
				INFOPLIST_FILE = MedicalExam/Info.plist;
				IPHONEOS_DEPLOYMENT_TARGET = 10.3;
				LD_RUNPATH_SEARCH_PATHS = "$(inherited) @executable_path/Frameworks";
				PRODUCT_BUNDLE_IDENTIFIER = cc.lexloo.medicalexam;
				PRODUCT_NAME = "$(TARGET_NAME)";
				SWIFT_SWIFT3_OBJC_INFERENCE = On;
				SWIFT_VERSION = 4.0;
			};
			name = Debug;
		};
		413307441FEBED0800C2BD45 /* Release */ = {
			isa = XCBuildConfiguration;
			baseConfigurationReference = 0CE52AF65BFC93A4E86B2E94 /* Pods-MedicalExam.release.xcconfig */;
			buildSettings = {
				ASSETCATALOG_COMPILER_APPICON_NAME = AppIcon;
				DEVELOPMENT_TEAM = C86H234989;
				INFOPLIST_FILE = MedicalExam/Info.plist;
				IPHONEOS_DEPLOYMENT_TARGET = 10.3;
				LD_RUNPATH_SEARCH_PATHS = "$(inherited) @executable_path/Frameworks";
				PRODUCT_BUNDLE_IDENTIFIER = cc.lexloo.medicalexam;
				PRODUCT_NAME = "$(TARGET_NAME)";
				SWIFT_SWIFT3_OBJC_INFERENCE = On;
				SWIFT_VERSION = 4.0;
			};
			name = Release;
		};
/* End XCBuildConfiguration section */

/* Begin XCConfigurationList section */
		413307291FEBED0800C2BD45 /* Build configuration list for PBXProject "MedicalExam" */ = {
			isa = XCConfigurationList;
			buildConfigurations = (
				413307401FEBED0800C2BD45 /* Debug */,
				413307411FEBED0800C2BD45 /* Release */,
			);
			defaultConfigurationIsVisible = 0;
			defaultConfigurationName = Release;
		};
		413307421FEBED0800C2BD45 /* Build configuration list for PBXNativeTarget "MedicalExam" */ = {
			isa = XCConfigurationList;
			buildConfigurations = (
				413307431FEBED0800C2BD45 /* Debug */,
				413307441FEBED0800C2BD45 /* Release */,
			);
			defaultConfigurationIsVisible = 0;
			defaultConfigurationName = Release;
		};
/* End XCConfigurationList section */
	};
	rootObject = 413307261FEBED0800C2BD45 /* Project object */;
}
